
Microsoft Visual Studio Solution File, Format Version 12.00
Project("{FAE04EC0-301F-11D3-BF4B-00C04F79EFBC}") = "NEWAPI", "NEWAPI\NEWAPI.csproj", "{D287DACF-01CA-4F34-BCD7-82718BFE848F}"
EndProject
Project("{FAE04EC0-301F-11D3-BF4B-00C04F79EFBC}") = "Entity", "Entity\Entity.csproj", "{3EE2FE50-4AB2-44C2-8219-B99230EC36B4}"
EndProject
Project("{FAE04EC0-301F-11D3-BF4B-00C04F79EFBC}") = "Data", "Data\Data.csproj", "{4C05B355-0848-4E53-BB2F-92A0E4761A7C}"
EndProject
Project("{2150E333-8FDC-42A3-9474-1A3956D46DE8}") = "1-Entity", "1-Entity", "{CB8F78B9-9413-461F-AB7C-FBFEF2C94B21}"
EndProject
Project("{2150E333-8FDC-42A3-9474-1A3956D46DE8}") = "2-Data", "2-Data", "{C2316738-EEB3-490D-B696-C4DEDDA11CB8}"
EndProject
Project("{2150E333-8FDC-42A3-9474-1A3956D46DE8}") = "3-NewApi", "3-NewApi", "{E24DE6C0-F35E-45C7-8121-E33473F5A780}"
EndProject
Global
	GlobalSection(SolutionConfigurationPlatforms) = preSolution
		Debug|Any CPU = Debug|Any CPU
		Release|Any CPU = Release|Any CPU
	EndGlobalSection
	GlobalSection(ProjectConfigurationPlatforms) = postSolution
		{D287DACF-01CA-4F34-BCD7-82718BFE848F}.Debug|Any CPU.ActiveCfg = Debug|Any CPU
		{D287DACF-01CA-4F34-BCD7-82718BFE848F}.Debug|Any CPU.Build.0 = Debug|Any CPU
		{D287DACF-01CA-4F34-BCD7-82718BFE848F}.Release|Any CPU.ActiveCfg = Release|Any CPU
		{D287DACF-01CA-4F34-BCD7-82718BFE848F}.Release|Any CPU.Build.0 = Release|Any CPU
		{3EE2FE50-4AB2-44C2-8219-B99230EC36B4}.Debug|Any CPU.ActiveCfg = Debug|Any CPU
		{3EE2FE50-4AB2-44C2-8219-B99230EC36B4}.Debug|Any CPU.Build.0 = Debug|Any CPU
		{3EE2FE50-4AB2-44C2-8219-B99230EC36B4}.Release|Any CPU.ActiveCfg = Release|Any CPU
		{3EE2FE50-4AB2-44C2-8219-B99230EC36B4}.Release|Any CPU.Build.0 = Release|Any CPU
		{4C05B355-0848-4E53-BB2F-92A0E4761A7C}.Debug|Any CPU.ActiveCfg = Debug|Any CPU
		{4C05B355-0848-4E53-BB2F-92A0E4761A7C}.Debug|Any CPU.Build.0 = Debug|Any CPU
		{4C05B355-0848-4E53-BB2F-92A0E4761A7C}.Release|Any CPU.ActiveCfg = Release|Any CPU
		{4C05B355-0848-4E53-BB2F-92A0E4761A7C}.Release|Any CPU.Build.0 = Release|Any CPU
	EndGlobalSection
	GlobalSection(NestedProjects) = preSolution
		{3EE2FE50-4AB2-44C2-8219-B99230EC36B4} = {CB8F78B9-9413-461F-AB7C-FBFEF2C94B21}
		{4C05B355-0848-4E53-BB2F-92A0E4761A7C} = {C2316738-EEB3-490D-B696-C4DEDDA11CB8}
		{D287DACF-01CA-4F34-BCD7-82718BFE848F} = {E24DE6C0-F35E-45C7-8121-E33473F5A780}
	EndGlobalSection
EndGlobal
